{
  "name": "responsive-widget",
  "version": "1.0.0",
  "lockfileVersion": 1,
  "requires": true,
  "dependencies": {
    "gridstack": {
      "version": "4.2.7",
      "resolved": "https://registry.npmjs.org/gridstack/-/gridstack-4.2.7.tgz",
      "integrity": "sha512-yUbRaq+H9hLIrEKiyoT5lP+xyNUS+hrqxCUklLt9ZrJTyZE4n1d2xfWRupPtxmTxuuhjjnUcChFsQRyeQofiLg=="
    }
  }
}
